
Microsoft Visual Studio Solution File, Format Version 12.00
# Visual Studio Version 16
VisualStudioVersion = 16.0.28407.52
MinimumVisualStudioVersion = 10.0.40219.1
Project("{2150E333-8FDC-42A3-9474-1A3956D46DE8}") = "src", "src", "{47C98B55-08F1-4428-863E-2C5C876DEEFE}"
	ProjectSection(SolutionItems) = preProject
		src\src.props = src\src.props
	EndProjectSection
EndProject
Project("{2150E333-8FDC-42A3-9474-1A3956D46DE8}") = "Solution Items", "Solution Items", "{63F75859-4698-4EDE-8B70-4ACBB8BC425A}"
	ProjectSection(SolutionItems) = preProject
		.editorconfig = .editorconfig
		.gitignore = .gitignore
		dotnet-tools.json = dotnet-tools.json
		LICENSE.txt = LICENSE.txt
		README.md = README.md
		root.props = root.props
	EndProjectSection
EndProject
Project("{2150E333-8FDC-42A3-9474-1A3956D46DE8}") = "tests", "tests", "{0B0EDB0F-FF67-4B78-A8DB-B5C23E1FEE8C}"
	ProjectSection(SolutionItems) = preProject
		tests\tests.props = tests\tests.props
	EndProjectSection
EndProject
Project("{2150E333-8FDC-42A3-9474-1A3956D46DE8}") = "assets", "assets", "{6326E0E2-3F48-4BAF-80D3-47AED5EB647C}"
	ProjectSection(SolutionItems) = preProject
		assets\logo.64x64.png = assets\logo.64x64.png
		assets\logo.svg = assets\logo.svg
	EndProjectSection
EndProject
Project("{9A19103F-16F7-4668-BE54-9A1E7A4F7556}") = "GraphQL.Server.Test", "tests\GraphQL.Server.Test\GraphQL.Server.Test.csproj", "{E95A1258-F666-4D4E-9101-E0C46F6A3CB3}"
EndProject
Project("{2150E333-8FDC-42A3-9474-1A3956D46DE8}") = ".github", ".github", "{C42106CF-F685-4F29-BC18-A70616BD68A0}"
EndProject
Project("{2150E333-8FDC-42A3-9474-1A3956D46DE8}") = "workflows", "workflows", "{05CAF9B2-981E-40C0-AE31-5FA56E351F12}"
	ProjectSection(SolutionItems) = preProject
		.github\workflows\branches-ubuntu.yml = .github\workflows\branches-ubuntu.yml
		.github\workflows\branches.yml = .github\workflows\branches.yml
		.github\workflows\main.yml = .github\workflows\main.yml
	EndProjectSection
EndProject
Project("{2150E333-8FDC-42A3-9474-1A3956D46DE8}") = "examples", "examples", "{D61415CA-D822-43DD-9AE7-993B8B60E855}"
EndProject
Project("{9A19103F-16F7-4668-BE54-9A1E7A4F7556}") = "GraphQL.Client.Http.Examples", "examples\GraphQL.Client.Http.Examples\GraphQL.Client.Http.Examples.csproj", "{95D78D57-3232-491D-BAD6-F373D76EA34D}"
EndProject
Project("{9A19103F-16F7-4668-BE54-9A1E7A4F7556}") = "GraphQL.Primitives", "src\GraphQL.Primitives\GraphQL.Primitives.csproj", "{87FC440E-6A4D-47D8-9EB2-416FC31CC4A6}"
EndProject
Project("{9A19103F-16F7-4668-BE54-9A1E7A4F7556}") = "GraphQL.Primitives.Tests", "tests\GraphQL.Primitives.Tests\GraphQL.Primitives.Tests.csproj", "{C212983F-67DB-44EB-BFB0-5DA75A86DF55}"
EndProject
Project("{9A19103F-16F7-4668-BE54-9A1E7A4F7556}") = "IntegrationTestServer", "tests\IntegrationTestServer\IntegrationTestServer.csproj", "{92107DF5-73DF-4371-8EB1-6734FED704AD}"
EndProject
Project("{9A19103F-16F7-4668-BE54-9A1E7A4F7556}") = "GraphQL.Integration.Tests", "tests\GraphQL.Integration.Tests\GraphQL.Integration.Tests.csproj", "{C68C26EB-7659-402A-93D1-E6E248DA5427}"
EndProject
Project("{9A19103F-16F7-4668-BE54-9A1E7A4F7556}") = "GraphQL.Client.Abstractions", "src\GraphQL.Client.Abstractions\GraphQL.Client.Abstractions.csproj", "{76E622F6-7CDD-4B1F-AD06-FFABF37C55E5}"
EndProject
Project("{9A19103F-16F7-4668-BE54-9A1E7A4F7556}") = "GraphQL.Client", "src\GraphQL.Client\GraphQL.Client.csproj", "{ED3541C9-D2B2-4D06-A464-38E404A3919A}"
EndProject
Project("{9A19103F-16F7-4668-BE54-9A1E7A4F7556}") = "GraphQL.Client.Abstractions.Websocket", "src\GraphQL.Client.Abstractions.Websocket\GraphQL.Client.Abstractions.Websocket.csproj", "{4D581CE1-523D-46BF-BAA5-F7D79A1B7654}"
EndProject
Project("{9A19103F-16F7-4668-BE54-9A1E7A4F7556}") = "GraphQL.Client.Serializer.Newtonsoft", "src\GraphQL.Client.Serializer.Newtonsoft\GraphQL.Client.Serializer.Newtonsoft.csproj", "{11F28E78-ADE4-4153-B97C-56136EB7BD5B}"
EndProject
Project("{9A19103F-16F7-4668-BE54-9A1E7A4F7556}") = "GraphQL.Client.LocalExecution", "src\GraphQL.Client.LocalExecution\GraphQL.Client.LocalExecution.csproj", "{2BEC821C-E405-43CB-9BC9-A6BB0322F6C2}"
EndProject
Project("{9A19103F-16F7-4668-BE54-9A1E7A4F7556}") = "GraphQL.Client.Serializer.Tests", "tests\GraphQL.Client.Serializer.Tests\GraphQL.Client.Serializer.Tests.csproj", "{CA842D18-FC4A-4281-B1FF-080FA91887B8}"
EndProject
Project("{9A19103F-16F7-4668-BE54-9A1E7A4F7556}") = "GraphQL.Client.Tests.Common", "tests\GraphQL.Client.Tests.Common\GraphQL.Client.Tests.Common.csproj", "{0D307BAD-27AE-4A5D-8764-4AA2620B01E9}"
EndProject
Project("{9A19103F-16F7-4668-BE54-9A1E7A4F7556}") = "GraphQL.Client.Serializer.SystemTextJson", "src\GraphQL.Client.Serializer.SystemTextJson\GraphQL.Client.Serializer.SystemTextJson.csproj", "{7FFFEC00-D751-4FFC-9FD4-E91858F9A1C5}"
EndProject
Global
	GlobalSection(SolutionConfigurationPlatforms) = preSolution
		Debug|Any CPU = Debug|Any CPU
		Release|Any CPU = Release|Any CPU
	EndGlobalSection
	GlobalSection(ProjectConfigurationPlatforms) = postSolution
		{E95A1258-F666-4D4E-9101-E0C46F6A3CB3}.Debug|Any CPU.ActiveCfg = Debug|Any CPU
		{E95A1258-F666-4D4E-9101-E0C46F6A3CB3}.Debug|Any CPU.Build.0 = Debug|Any CPU
		{E95A1258-F666-4D4E-9101-E0C46F6A3CB3}.Release|Any CPU.ActiveCfg = Release|Any CPU
		{E95A1258-F666-4D4E-9101-E0C46F6A3CB3}.Release|Any CPU.Build.0 = Release|Any CPU
		{95D78D57-3232-491D-BAD6-F373D76EA34D}.Debug|Any CPU.ActiveCfg = Debug|Any CPU
		{95D78D57-3232-491D-BAD6-F373D76EA34D}.Debug|Any CPU.Build.0 = Debug|Any CPU
		{95D78D57-3232-491D-BAD6-F373D76EA34D}.Release|Any CPU.ActiveCfg = Release|Any CPU
		{95D78D57-3232-491D-BAD6-F373D76EA34D}.Release|Any CPU.Build.0 = Release|Any CPU
		{87FC440E-6A4D-47D8-9EB2-416FC31CC4A6}.Debug|Any CPU.ActiveCfg = Debug|Any CPU
		{87FC440E-6A4D-47D8-9EB2-416FC31CC4A6}.Debug|Any CPU.Build.0 = Debug|Any CPU
		{87FC440E-6A4D-47D8-9EB2-416FC31CC4A6}.Release|Any CPU.ActiveCfg = Release|Any CPU
		{87FC440E-6A4D-47D8-9EB2-416FC31CC4A6}.Release|Any CPU.Build.0 = Release|Any CPU
		{C212983F-67DB-44EB-BFB0-5DA75A86DF55}.Debug|Any CPU.ActiveCfg = Debug|Any CPU
		{C212983F-67DB-44EB-BFB0-5DA75A86DF55}.Debug|Any CPU.Build.0 = Debug|Any CPU
		{C212983F-67DB-44EB-BFB0-5DA75A86DF55}.Release|Any CPU.ActiveCfg = Release|Any CPU
		{C212983F-67DB-44EB-BFB0-5DA75A86DF55}.Release|Any CPU.Build.0 = Release|Any CPU
		{92107DF5-73DF-4371-8EB1-6734FED704AD}.Debug|Any CPU.ActiveCfg = Debug|Any CPU
		{92107DF5-73DF-4371-8EB1-6734FED704AD}.Debug|Any CPU.Build.0 = Debug|Any CPU
		{92107DF5-73DF-4371-8EB1-6734FED704AD}.Release|Any CPU.ActiveCfg = Release|Any CPU
		{92107DF5-73DF-4371-8EB1-6734FED704AD}.Release|Any CPU.Build.0 = Release|Any CPU
		{C68C26EB-7659-402A-93D1-E6E248DA5427}.Debug|Any CPU.ActiveCfg = Debug|Any CPU
		{C68C26EB-7659-402A-93D1-E6E248DA5427}.Debug|Any CPU.Build.0 = Debug|Any CPU
		{C68C26EB-7659-402A-93D1-E6E248DA5427}.Release|Any CPU.ActiveCfg = Release|Any CPU
		{C68C26EB-7659-402A-93D1-E6E248DA5427}.Release|Any CPU.Build.0 = Release|Any CPU
		{76E622F6-7CDD-4B1F-AD06-FFABF37C55E5}.Debug|Any CPU.ActiveCfg = Debug|Any CPU
		{76E622F6-7CDD-4B1F-AD06-FFABF37C55E5}.Debug|Any CPU.Build.0 = Debug|Any CPU
		{76E622F6-7CDD-4B1F-AD06-FFABF37C55E5}.Release|Any CPU.ActiveCfg = Release|Any CPU
		{76E622F6-7CDD-4B1F-AD06-FFABF37C55E5}.Release|Any CPU.Build.0 = Release|Any CPU
		{ED3541C9-D2B2-4D06-A464-38E404A3919A}.Debug|Any CPU.ActiveCfg = Debug|Any CPU
		{ED3541C9-D2B2-4D06-A464-38E404A3919A}.Debug|Any CPU.Build.0 = Debug|Any CPU
		{ED3541C9-D2B2-4D06-A464-38E404A3919A}.Release|Any CPU.ActiveCfg = Release|Any CPU
		{ED3541C9-D2B2-4D06-A464-38E404A3919A}.Release|Any CPU.Build.0 = Release|Any CPU
		{4D581CE1-523D-46BF-BAA5-F7D79A1B7654}.Debug|Any CPU.ActiveCfg = Debug|Any CPU
		{4D581CE1-523D-46BF-BAA5-F7D79A1B7654}.Debug|Any CPU.Build.0 = Debug|Any CPU
		{4D581CE1-523D-46BF-BAA5-F7D79A1B7654}.Release|Any CPU.ActiveCfg = Release|Any CPU
		{4D581CE1-523D-46BF-BAA5-F7D79A1B7654}.Release|Any CPU.Build.0 = Release|Any CPU
		{11F28E78-ADE4-4153-B97C-56136EB7BD5B}.Debug|Any CPU.ActiveCfg = Debug|Any CPU
		{11F28E78-ADE4-4153-B97C-56136EB7BD5B}.Debug|Any CPU.Build.0 = Debug|Any CPU
		{11F28E78-ADE4-4153-B97C-56136EB7BD5B}.Release|Any CPU.ActiveCfg = Release|Any CPU
		{11F28E78-ADE4-4153-B97C-56136EB7BD5B}.Release|Any CPU.Build.0 = Release|Any CPU
		{2BEC821C-E405-43CB-9BC9-A6BB0322F6C2}.Debug|Any CPU.ActiveCfg = Debug|Any CPU
		{2BEC821C-E405-43CB-9BC9-A6BB0322F6C2}.Debug|Any CPU.Build.0 = Debug|Any CPU
		{2BEC821C-E405-43CB-9BC9-A6BB0322F6C2}.Release|Any CPU.ActiveCfg = Release|Any CPU
		{2BEC821C-E405-43CB-9BC9-A6BB0322F6C2}.Release|Any CPU.Build.0 = Release|Any CPU
		{CA842D18-FC4A-4281-B1FF-080FA91887B8}.Debug|Any CPU.ActiveCfg = Debug|Any CPU
		{CA842D18-FC4A-4281-B1FF-080FA91887B8}.Debug|Any CPU.Build.0 = Debug|Any CPU
		{CA842D18-FC4A-4281-B1FF-080FA91887B8}.Release|Any CPU.ActiveCfg = Release|Any CPU
		{CA842D18-FC4A-4281-B1FF-080FA91887B8}.Release|Any CPU.Build.0 = Release|Any CPU
		{0D307BAD-27AE-4A5D-8764-4AA2620B01E9}.Debug|Any CPU.ActiveCfg = Debug|Any CPU
		{0D307BAD-27AE-4A5D-8764-4AA2620B01E9}.Debug|Any CPU.Build.0 = Debug|Any CPU
		{0D307BAD-27AE-4A5D-8764-4AA2620B01E9}.Release|Any CPU.ActiveCfg = Release|Any CPU
		{0D307BAD-27AE-4A5D-8764-4AA2620B01E9}.Release|Any CPU.Build.0 = Release|Any CPU
		{7FFFEC00-D751-4FFC-9FD4-E91858F9A1C5}.Debug|Any CPU.ActiveCfg = Debug|Any CPU
		{7FFFEC00-D751-4FFC-9FD4-E91858F9A1C5}.Debug|Any CPU.Build.0 = Debug|Any CPU
		{7FFFEC00-D751-4FFC-9FD4-E91858F9A1C5}.Release|Any CPU.ActiveCfg = Release|Any CPU
		{7FFFEC00-D751-4FFC-9FD4-E91858F9A1C5}.Release|Any CPU.Build.0 = Release|Any CPU
	EndGlobalSection
	GlobalSection(SolutionProperties) = preSolution
		HideSolutionNode = FALSE
	EndGlobalSection
	GlobalSection(NestedProjects) = preSolution
		{E95A1258-F666-4D4E-9101-E0C46F6A3CB3} = {0B0EDB0F-FF67-4B78-A8DB-B5C23E1FEE8C}
		{05CAF9B2-981E-40C0-AE31-5FA56E351F12} = {C42106CF-F685-4F29-BC18-A70616BD68A0}
		{95D78D57-3232-491D-BAD6-F373D76EA34D} = {D61415CA-D822-43DD-9AE7-993B8B60E855}
		{87FC440E-6A4D-47D8-9EB2-416FC31CC4A6} = {47C98B55-08F1-4428-863E-2C5C876DEEFE}
		{C212983F-67DB-44EB-BFB0-5DA75A86DF55} = {0B0EDB0F-FF67-4B78-A8DB-B5C23E1FEE8C}
		{92107DF5-73DF-4371-8EB1-6734FED704AD} = {0B0EDB0F-FF67-4B78-A8DB-B5C23E1FEE8C}
		{C68C26EB-7659-402A-93D1-E6E248DA5427} = {0B0EDB0F-FF67-4B78-A8DB-B5C23E1FEE8C}
		{76E622F6-7CDD-4B1F-AD06-FFABF37C55E5} = {47C98B55-08F1-4428-863E-2C5C876DEEFE}
		{ED3541C9-D2B2-4D06-A464-38E404A3919A} = {47C98B55-08F1-4428-863E-2C5C876DEEFE}
		{4D581CE1-523D-46BF-BAA5-F7D79A1B7654} = {47C98B55-08F1-4428-863E-2C5C876DEEFE}
		{11F28E78-ADE4-4153-B97C-56136EB7BD5B} = {47C98B55-08F1-4428-863E-2C5C876DEEFE}
		{2BEC821C-E405-43CB-9BC9-A6BB0322F6C2} = {47C98B55-08F1-4428-863E-2C5C876DEEFE}
		{CA842D18-FC4A-4281-B1FF-080FA91887B8} = {0B0EDB0F-FF67-4B78-A8DB-B5C23E1FEE8C}
		{0D307BAD-27AE-4A5D-8764-4AA2620B01E9} = {0B0EDB0F-FF67-4B78-A8DB-B5C23E1FEE8C}
		{7FFFEC00-D751-4FFC-9FD4-E91858F9A1C5} = {47C98B55-08F1-4428-863E-2C5C876DEEFE}
	EndGlobalSection
	GlobalSection(ExtensibilityGlobals) = postSolution
		SolutionGuid = {387AC1AC-F90C-4EF8-955A-04D495C75AF4}
	EndGlobalSection
EndGlobal
